// !$*UTF8*$!
{
	archiveVersion = 1;
	classes = {
	};
	objectVersion = 50;
	objects = {

/* Begin PBXBuildFile section */
		2991D04F223784100066ACE7 /* XXAFNetworkRequestAdapter.m in Sources */ = {isa = PBXBuildFile; fileRef = 2991D04E223784100066ACE7 /* XXAFNetworkRequestAdapter.m */; };
		2991D050223784100066ACE7 /* XXAFNetworkRequestAdapter.h in CopyFiles */ = {isa = PBXBuildFile; fileRef = 2991D04D223784100066ACE7 /* XXAFNetworkRequestAdapter.h */; };
		2991D058223784B50066ACE7 /* NSURLSessionTask+XXRequestOpration.m in Sources */ = {isa = PBXBuildFile; fileRef = 2991D057223784B50066ACE7 /* NSURLSessionTask+XXRequestOpration.m */; };
		2991D05B22378F760066ACE7 /* XXAFNetworkResponse.m in Sources */ = {isa = PBXBuildFile; fileRef = 2991D05A22378F760066ACE7 /* XXAFNetworkResponse.m */; };
/* End PBXBuildFile section */

/* Begin PBXCopyFilesBuildPhase section */
		2991D048223784100066ACE7 /* CopyFiles */ = {
			isa = PBXCopyFilesBuildPhase;
			buildActionMask = 2147483647;
			dstPath = "include/$(PRODUCT_NAME)";
			dstSubfolderSpec = 16;
			files = (
				2991D050223784100066ACE7 /* XXAFNetworkRequestAdapter.h in CopyFiles */,
			);
			runOnlyForDeploymentPostprocessing = 0;
		};
/* End PBXCopyFilesBuildPhase section */

/* Begin PBXFileReference section */
		2991D04A223784100066ACE7 /* libXXAFNetworkRequestAdapter.a */ = {isa = PBXFileReference; explicitFileType = archive.ar; includeInIndex = 0; path = libXXAFNetworkRequestAdapter.a; sourceTree = BUILT_PRODUCTS_DIR; };
		2991D04D223784100066ACE7 /* XXAFNetworkRequestAdapter.h */ = {isa = PBXFileReference; lastKnownFileType = sourcecode.c.h; path = XXAFNetworkRequestAdapter.h; sourceTree = "<group>"; };
		2991D04E223784100066ACE7 /* XXAFNetworkRequestAdapter.m */ = {isa = PBXFileReference; lastKnownFileType = sourcecode.c.objc; path = XXAFNetworkRequestAdapter.m; sourceTree = "<group>"; };
		2991D056223784B50066ACE7 /* NSURLSessionTask+XXRequestOpration.h */ = {isa = PBXFileReference; lastKnownFileType = sourcecode.c.h; path = "NSURLSessionTask+XXRequestOpration.h"; sourceTree = "<group>"; };
		2991D057223784B50066ACE7 /* NSURLSessionTask+XXRequestOpration.m */ = {isa = PBXFileReference; lastKnownFileType = sourcecode.c.objc; path = "NSURLSessionTask+XXRequestOpration.m"; sourceTree = "<group>"; };
		2991D05922378F760066ACE7 /* XXAFNetworkResponse.h */ = {isa = PBXFileReference; lastKnownFileType = sourcecode.c.h; path = XXAFNetworkResponse.h; sourceTree = "<group>"; };
		2991D05A22378F760066ACE7 /* XXAFNetworkResponse.m */ = {isa = PBXFileReference; lastKnownFileType = sourcecode.c.objc; path = XXAFNetworkResponse.m; sourceTree = "<group>"; };
/* End PBXFileReference section */

/* Begin PBXFrameworksBuildPhase section */
		2991D047223784100066ACE7 /* Frameworks */ = {
			isa = PBXFrameworksBuildPhase;
			buildActionMask = 2147483647;
			files = (
			);
			runOnlyForDeploymentPostprocessing = 0;
		};
/* End PBXFrameworksBuildPhase section */

/* Begin PBXGroup section */
		2991D041223784100066ACE7 = {
			isa = PBXGroup;
			children = (
				2991D04C223784100066ACE7 /* XXAFNetworkRequestAdapter */,
				2991D04B223784100066ACE7 /* Products */,
			);
			sourceTree = "<group>";
		};
		2991D04B223784100066ACE7 /* Products */ = {
			isa = PBXGroup;
			children = (
				2991D04A223784100066ACE7 /* libXXAFNetworkRequestAdapter.a */,
			);
			name = Products;
			sourceTree = "<group>";
		};
		2991D04C223784100066ACE7 /* XXAFNetworkRequestAdapter */ = {
			isa = PBXGroup;
			children = (
				2991D04D223784100066ACE7 /* XXAFNetworkRequestAdapter.h */,
				2991D04E223784100066ACE7 /* XXAFNetworkRequestAdapter.m */,
				2991D05922378F760066ACE7 /* XXAFNetworkResponse.h */,
				2991D05A22378F760066ACE7 /* XXAFNetworkResponse.m */,
				2991D056223784B50066ACE7 /* NSURLSessionTask+XXRequestOpration.h */,
				2991D057223784B50066ACE7 /* NSURLSessionTask+XXRequestOpration.m */,
			);
			path = XXAFNetworkRequestAdapter;
			sourceTree = "<group>";
		};
/* End PBXGroup section */

/* Begin PBXNativeTarget section */
		2991D049223784100066ACE7 /* XXAFNetworkRequestAdapter */ = {
			isa = PBXNativeTarget;
			buildConfigurationList = 2991D053223784100066ACE7 /* Build configuration list for PBXNativeTarget "XXAFNetworkRequestAdapter" */;
			buildPhases = (
				2991D046223784100066ACE7 /* Sources */,
				2991D047223784100066ACE7 /* Frameworks */,
				2991D048223784100066ACE7 /* CopyFiles */,
			);
			buildRules = (
			);
			dependencies = (
			);
			name = XXAFNetworkRequestAdapter;
			productName = XXAFNetworkRequestAdapter;
			productReference = 2991D04A223784100066ACE7 /* libXXAFNetworkRequestAdapter.a */;
			productType = "com.apple.product-type.library.static";
		};
/* End PBXNativeTarget section */

/* Begin PBXProject section */
		2991D042223784100066ACE7 /* Project object */ = {
			isa = PBXProject;
			attributes = {
				LastUpgradeCheck = 1010;
				ORGANIZATIONNAME = Shawn;
				TargetAttributes = {
					2991D049223784100066ACE7 = {
						CreatedOnToolsVersion = 10.1;
					};
				};
			};
			buildConfigurationList = 2991D045223784100066ACE7 /* Build configuration list for PBXProject "XXAFNetworkRequestAdapter" */;
			compatibilityVersion = "Xcode 9.3";
			developmentRegion = en;
			hasScannedForEncodings = 0;
			knownRegions = (
				en,
			);
			mainGroup = 2991D041223784100066ACE7;
			productRefGroup = 2991D04B223784100066ACE7 /* Products */;
			projectDirPath = "";
			projectRoot = "";
			targets = (
				2991D049223784100066ACE7 /* XXAFNetworkRequestAdapter */,
			);
		};
/* End PBXProject section */

/* Begin PBXSourcesBuildPhase section */
		2991D046223784100066ACE7 /* Sources */ = {
			isa = PBXSourcesBuildPhase;
			buildActionMask = 2147483647;
			files = (
				2991D058223784B50066ACE7 /* NSURLSessionTask+XXRequestOpration.m in Sources */,
				2991D04F223784100066ACE7 /* XXAFNetworkRequestAdapter.m in Sources */,
				2991D05B22378F760066ACE7 /* XXAFNetworkResponse.m in Sources */,
			);
			runOnlyForDeploymentPostprocessing = 0;
		};
/* End PBXSourcesBuildPhase section */

/* Begin XCBuildConfiguration section */
		2991D051223784100066ACE7 /* Debug */ = {
			isa = XCBuildConfiguration;
			buildSettings = {
				ALWAYS_SEARCH_USER_PATHS = NO;
				CLANG_ANALYZER_NONNULL = YES;
				CLANG_ANALYZER_NUMBER_OBJECT_CONVERSION = YES_AGGRESSIVE;
				CLANG_CXX_LANGUAGE_STANDARD = "gnu++14";
				CLANG_CXX_LIBRARY = "libc++";
				CLANG_ENABLE_MODULES = YES;
				CLANG_ENABLE_OBJC_ARC = YES;
				CLANG_ENABLE_OBJC_WEAK = YES;
				CLANG_WARN_BLOCK_CAPTURE_AUTORELEASING = YES;
				CLANG_WARN_BOOL_CONVERSION = YES;
				CLANG_WARN_COMMA = YES;
				CLANG_WARN_CONSTANT_CONVERSION = YES;
				CLANG_WARN_DEPRECATED_OBJC_IMPLEMENTATIONS = YES;
				CLANG_WARN_DIRECT_OBJC_ISA_USAGE = YES_ERROR;
				CLANG_WARN_DOCUMENTATION_COMMENTS = YES;
				CLANG_WARN_EMPTY_BODY = YES;
				CLANG_WARN_ENUM_CONVERSION = YES;
				CLANG_WARN_INFINITE_RECURSION = YES;
				CLANG_WARN_INT_CONVERSION = YES;
				CLANG_WARN_NON_LITERAL_NULL_CONVERSION = YES;
				CLANG_WARN_OBJC_IMPLICIT_RETAIN_SELF = YES;
				CLANG_WARN_OBJC_LITERAL_CONVERSION = YES;
				CLANG_WARN_OBJC_ROOT_CLASS = YES_ERROR;
				CLANG_WARN_RANGE_LOOP_ANALYSIS = YES;
				CLANG_WARN_STRICT_PROTOTYPES = YES;
				CLANG_WARN_SUSPICIOUS_MOVE = YES;
				CLANG_WARN_UNGUARDED_AVAILABILITY = YES_AGGRESSIVE;
				CLANG_WARN_UNREACHABLE_CODE = YES;
				CLANG_WARN__DUPLICATE_METHOD_MATCH = YES;
				CODE_SIGN_IDENTITY = "iPhone Developer";
				COPY_PHASE_STRIP = NO;
				DEBUG_INFORMATION_FORMAT = dwarf;
				ENABLE_STRICT_OBJC_MSGSEND = YES;
				ENABLE_TESTABILITY = YES;
				GCC_C_LANGUAGE_STANDARD = gnu11;
				GCC_DYNAMIC_NO_PIC = NO;
				GCC_NO_COMMON_BLOCKS = YES;
				GCC_OPTIMIZATION_LEVEL = 0;
				GCC_PREPROCESSOR_DEFINITIONS = (
					"DEBUG=1",
					"$(inherited)",
				);
				GCC_WARN_64_TO_32_BIT_CONVERSION = YES;
				GCC_WARN_ABOUT_RETURN_TYPE = YES_ERROR;
				GCC_WARN_UNDECLARED_SELECTOR = YES;
				GCC_WARN_UNINITIALIZED_AUTOS = YES_AGGRESSIVE;
				GCC_WARN_UNUSED_FUNCTION = YES;
				GCC_WARN_UNUSED_VARIABLE = YES;
				IPHONEOS_DEPLOYMENT_TARGET = 12.1;
				MTL_ENABLE_DEBUG_INFO = INCLUDE_SOURCE;
				MTL_FAST_MATH = YES;
				ONLY_ACTIVE_ARCH = YES;
				SDKROOT = iphoneos;
			};
			name = Debug;
		};
		2991D052223784100066ACE7 /* Release */ = {
			isa = XCBuildConfiguration;
			buildSettings = {
				ALWAYS_SEARCH_USER_PATHS = NO;
				CLANG_ANALYZER_NONNULL = YES;
				CLANG_ANALYZER_NUMBER_OBJECT_CONVERSION = YES_AGGRESSIVE;
				CLANG_CXX_LANGUAGE_STANDARD = "gnu++14";
				CLANG_CXX_LIBRARY = "libc++";
				CLANG_ENABLE_MODULES = YES;
				CLANG_ENABLE_OBJC_ARC = YES;
				CLANG_ENABLE_OBJC_WEAK = YES;
				CLANG_WARN_BLOCK_CAPTURE_AUTORELEASING = YES;
				CLANG_WARN_BOOL_CONVERSION = YES;
				CLANG_WARN_COMMA = YES;
				CLANG_WARN_CONSTANT_CONVERSION = YES;
				CLANG_WARN_DEPRECATED_OBJC_IMPLEMENTATIONS = YES;
				CLANG_WARN_DIRECT_OBJC_ISA_USAGE = YES_ERROR;
				CLANG_WARN_DOCUMENTATION_COMMENTS = YES;
				CLANG_WARN_EMPTY_BODY = YES;
				CLANG_WARN_ENUM_CONVERSION = YES;
				CLANG_WARN_INFINITE_RECURSION = YES;
				CLANG_WARN_INT_CONVERSION = YES;
				CLANG_WARN_NON_LITERAL_NULL_CONVERSION = YES;
				CLANG_WARN_OBJC_IMPLICIT_RETAIN_SELF = YES;
				CLANG_WARN_OBJC_LITERAL_CONVERSION = YES;
				CLANG_WARN_OBJC_ROOT_CLASS = YES_ERROR;
				CLANG_WARN_RANGE_LOOP_ANALYSIS = YES;
				CLANG_WARN_STRICT_PROTOTYPES = YES;
				CLANG_WARN_SUSPICIOUS_MOVE = YES;
				CLANG_WARN_UNGUARDED_AVAILABILITY = YES_AGGRESSIVE;
				CLANG_WARN_UNREACHABLE_CODE = YES;
				CLANG_WARN__DUPLICATE_METHOD_MATCH = YES;
				CODE_SIGN_IDENTITY = "iPhone Developer";
				COPY_PHASE_STRIP = NO;
				DEBUG_INFORMATION_FORMAT = "dwarf-with-dsym";
				ENABLE_NS_ASSERTIONS = NO;
				ENABLE_STRICT_OBJC_MSGSEND = YES;
				GCC_C_LANGUAGE_STANDARD = gnu11;
				GCC_NO_COMMON_BLOCKS = YES;
				GCC_WARN_64_TO_32_BIT_CONVERSION = YES;
				GCC_WARN_ABOUT_RETURN_TYPE = YES_ERROR;
				GCC_WARN_UNDECLARED_SELECTOR = YES;
				GCC_WARN_UNINITIALIZED_AUTOS = YES_AGGRESSIVE;
				GCC_WARN_UNUSED_FUNCTION = YES;
				GCC_WARN_UNUSED_VARIABLE = YES;
				IPHONEOS_DEPLOYMENT_TARGET = 12.1;
				MTL_ENABLE_DEBUG_INFO = NO;
				MTL_FAST_MATH = YES;
				SDKROOT = iphoneos;
				VALIDATE_PRODUCT = YES;
			};
			name = Release;
		};
		2991D054223784100066ACE7 /* Debug */ = {
			isa = XCBuildConfiguration;
			buildSettings = {
				CODE_SIGN_STYLE = Automatic;
				HEADER_SEARCH_PATHS = (
					"\"$(SRCROOT)/../XXHTTPRequestManager/XXHTTPRequestManager\"",
					"\"$(SRCROOT)/../../Documents/Shawn/test/Demo/Pods/Headers/Public/AFNetworking\"",
					"\"$(SRCROOT)/../XXHTTPSerializer/XXHTTPSerializer\"",
				);
				OTHER_LDFLAGS = "-ObjC";
				PRODUCT_NAME = "$(TARGET_NAME)";
				SKIP_INSTALL = YES;
				TARGETED_DEVICE_FAMILY = "1,2";
			};
			name = Debug;
		};
		2991D055223784100066ACE7 /* Release */ = {
			isa = XCBuildConfiguration;
			buildSettings = {
				CODE_SIGN_STYLE = Automatic;
				HEADER_SEARCH_PATHS = (
					"\"$(SRCROOT)/../XXHTTPRequestManager/XXHTTPRequestManager\"",
					"\"$(SRCROOT)/../../Documents/Shawn/test/Demo/Pods/Headers/Public/AFNetworking\"",
					"\"$(SRCROOT)/../XXHTTPSerializer/XXHTTPSerializer\"",
				);
				OTHER_LDFLAGS = "-ObjC";
				PRODUCT_NAME = "$(TARGET_NAME)";
				SKIP_INSTALL = YES;
				TARGETED_DEVICE_FAMILY = "1,2";
			};
			name = Release;
		};
/* End XCBuildConfiguration section */

/* Begin XCConfigurationList section */
		2991D045223784100066ACE7 /* Build configuration list for PBXProject "XXAFNetworkRequestAdapter" */ = {
			isa = XCConfigurationList;
			buildConfigurations = (
				2991D051223784100066ACE7 /* Debug */,
				2991D052223784100066ACE7 /* Release */,
			);
			defaultConfigurationIsVisible = 0;
			defaultConfigurationName = Release;
		};
		2991D053223784100066ACE7 /* Build configuration list for PBXNativeTarget "XXAFNetworkRequestAdapter" */ = {
			isa = XCConfigurationList;
			buildConfigurations = (
				2991D054223784100066ACE7 /* Debug */,
				2991D055223784100066ACE7 /* Release */,
			);
			defaultConfigurationIsVisible = 0;
			defaultConfigurationName = Release;
		};
/* End XCConfigurationList section */
	};
	rootObject = 2991D042223784100066ACE7 /* Project object */;
}
